
Microsoft Visual Studio Solution File, Format Version 12.00
# Visual Studio Version 17
VisualStudioVersion = 17.0.31903.59
MinimumVisualStudioVersion = 10.0.40219.1
Project("{2150E333-8FDC-42A3-9474-1A3956D46DE8}") = "src", "src", "{827E0CD3-B72D-47B6-A68D-7590B98EB39B}"
EndProject
Project("{FAE04EC0-301F-11D3-BF4B-00C04F79EFBC}") = "DumpLens.AI", "src\DumpLens.AI\DumpLens.AI.csproj", "{3D1768F9-3302-4B0D-9B50-807893B343F2}"
EndProject
Project("{FAE04EC0-301F-11D3-BF4B-00C04F79EFBC}") = "DumpLens.Analysis", "src\DumpLens.Analysis\DumpLens.Analysis.csproj", "{6BBFB96F-A80D-4019-B420-B4BEF8DF205F}"
EndProject
Project("{FAE04EC0-301F-11D3-BF4B-00C04F79EFBC}") = "DumpLens.App", "src\DumpLens.App\DumpLens.App.csproj", "{99FBBD4B-AB26-4144-9C98-ABEA43CF9F45}"
EndProject
Project("{FAE04EC0-301F-11D3-BF4B-00C04F79EFBC}") = "DumpLens.App.ViewModels", "src\DumpLens.App.ViewModels\DumpLens.App.ViewModels.csproj", "{0BC99406-B47C-4F5E-8D61-923717B0A12C}"
EndProject
Project("{FAE04EC0-301F-11D3-BF4B-00C04F79EFBC}") = "DumpLens.Application", "src\DumpLens.Application\DumpLens.Application.csproj", "{28DD1EB8-4AED-41C9-9D7C-9E4F6F6EE00E}"
EndProject
Project("{FAE04EC0-301F-11D3-BF4B-00C04F79EFBC}") = "DumpLens.Audit", "src\DumpLens.Audit\DumpLens.Audit.csproj", "{B5C3CF09-A75E-4441-B18C-76392ED359D8}"
EndProject
Project("{FAE04EC0-301F-11D3-BF4B-00C04F79EFBC}") = "DumpLens.Core", "src\DumpLens.Core\DumpLens.Core.csproj", "{BCA094E3-F258-439B-AA92-E89E1FB29A42}"
EndProject
Project("{FAE04EC0-301F-11D3-BF4B-00C04F79EFBC}") = "DumpLens.Ingestion", "src\DumpLens.Ingestion\DumpLens.Ingestion.csproj", "{FB285567-3113-4042-83F7-785467352826}"
EndProject
Project("{FAE04EC0-301F-11D3-BF4B-00C04F79EFBC}") = "DumpLens.Integration.CaseGraph", "src\DumpLens.Integration.CaseGraph\DumpLens.Integration.CaseGraph.csproj", "{F844FEFB-F275-4951-A326-63338AB4318E}"
EndProject
Project("{FAE04EC0-301F-11D3-BF4B-00C04F79EFBC}") = "DumpLens.Normalization", "src\DumpLens.Normalization\DumpLens.Normalization.csproj", "{6876E28E-D3FB-42DA-B287-478FDFA8C1AE}"
EndProject
Project("{FAE04EC0-301F-11D3-BF4B-00C04F79EFBC}") = "DumpLens.Persistence", "src\DumpLens.Persistence\DumpLens.Persistence.csproj", "{9918B631-F85A-4FE6-9C49-8EB30765B025}"
EndProject
Project("{FAE04EC0-301F-11D3-BF4B-00C04F79EFBC}") = "DumpLens.Reconciliation", "src\DumpLens.Reconciliation\DumpLens.Reconciliation.csproj", "{ECE59477-DEDE-4889-92AB-C1CD6B49EF1B}"
EndProject
Project("{FAE04EC0-301F-11D3-BF4B-00C04F79EFBC}") = "DumpLens.Reporting", "src\DumpLens.Reporting\DumpLens.Reporting.csproj", "{B23EF2F4-ECCD-4CE2-90E9-1A482F2C6257}"
EndProject
Project("{FAE04EC0-301F-11D3-BF4B-00C04F79EFBC}") = "DumpLens.Search", "src\DumpLens.Search\DumpLens.Search.csproj", "{EAC75F31-8AF3-47D6-B817-82866B9E2DF5}"
EndProject
Project("{FAE04EC0-301F-11D3-BF4B-00C04F79EFBC}") = "DumpLens.Security", "src\DumpLens.Security\DumpLens.Security.csproj", "{D675EAD1-8D98-4D82-82C2-A488DA88A249}"
EndProject
Project("{2150E333-8FDC-42A3-9474-1A3956D46DE8}") = "tests", "tests", "{0AB3BF05-4346-4AA6-1389-037BE0695223}"
EndProject
Project("{FAE04EC0-301F-11D3-BF4B-00C04F79EFBC}") = "DumpLens.Tests.GoldenData", "tests\DumpLens.Tests.GoldenData\DumpLens.Tests.GoldenData.csproj", "{D5FF888E-A9C2-41C5-9464-CE8911731D67}"
EndProject
Project("{FAE04EC0-301F-11D3-BF4B-00C04F79EFBC}") = "DumpLens.Tests.Integration", "tests\DumpLens.Tests.Integration\DumpLens.Tests.Integration.csproj", "{C3849BC9-F7D3-4C48-BC32-0739AFE5C380}"
EndProject
Project("{FAE04EC0-301F-11D3-BF4B-00C04F79EFBC}") = "DumpLens.Tests.Performance", "tests\DumpLens.Tests.Performance\DumpLens.Tests.Performance.csproj", "{60EA92BD-81E2-4ABC-AAF8-43B5AACD0CE1}"
EndProject
Project("{FAE04EC0-301F-11D3-BF4B-00C04F79EFBC}") = "DumpLens.Tests.Unit", "tests\DumpLens.Tests.Unit\DumpLens.Tests.Unit.csproj", "{FAE3D93C-A726-4FA3-BCE5-B7B75486A78F}"
EndProject
Global
	GlobalSection(SolutionConfigurationPlatforms) = preSolution
		Debug|Any CPU = Debug|Any CPU
		Debug|x64 = Debug|x64
		Debug|x86 = Debug|x86
		Release|Any CPU = Release|Any CPU
		Release|x64 = Release|x64
		Release|x86 = Release|x86
	EndGlobalSection
	GlobalSection(ProjectConfigurationPlatforms) = postSolution
		{3D1768F9-3302-4B0D-9B50-807893B343F2}.Debug|Any CPU.ActiveCfg = Debug|Any CPU
		{3D1768F9-3302-4B0D-9B50-807893B343F2}.Debug|Any CPU.Build.0 = Debug|Any CPU
		{3D1768F9-3302-4B0D-9B50-807893B343F2}.Debug|x64.ActiveCfg = Debug|Any CPU
		{3D1768F9-3302-4B0D-9B50-807893B343F2}.Debug|x64.Build.0 = Debug|Any CPU
		{3D1768F9-3302-4B0D-9B50-807893B343F2}.Debug|x86.ActiveCfg = Debug|Any CPU
		{3D1768F9-3302-4B0D-9B50-807893B343F2}.Debug|x86.Build.0 = Debug|Any CPU
		{3D1768F9-3302-4B0D-9B50-807893B343F2}.Release|Any CPU.ActiveCfg = Release|Any CPU
		{3D1768F9-3302-4B0D-9B50-807893B343F2}.Release|Any CPU.Build.0 = Release|Any CPU
		{3D1768F9-3302-4B0D-9B50-807893B343F2}.Release|x64.ActiveCfg = Release|Any CPU
		{3D1768F9-3302-4B0D-9B50-807893B343F2}.Release|x64.Build.0 = Release|Any CPU
		{3D1768F9-3302-4B0D-9B50-807893B343F2}.Release|x86.ActiveCfg = Release|Any CPU
		{3D1768F9-3302-4B0D-9B50-807893B343F2}.Release|x86.Build.0 = Release|Any CPU
		{6BBFB96F-A80D-4019-B420-B4BEF8DF205F}.Debug|Any CPU.ActiveCfg = Debug|Any CPU
		{6BBFB96F-A80D-4019-B420-B4BEF8DF205F}.Debug|Any CPU.Build.0 = Debug|Any CPU
		{6BBFB96F-A80D-4019-B420-B4BEF8DF205F}.Debug|x64.ActiveCfg = Debug|Any CPU
		{6BBFB96F-A80D-4019-B420-B4BEF8DF205F}.Debug|x64.Build.0 = Debug|Any CPU
		{6BBFB96F-A80D-4019-B420-B4BEF8DF205F}.Debug|x86.ActiveCfg = Debug|Any CPU
		{6BBFB96F-A80D-4019-B420-B4BEF8DF205F}.Debug|x86.Build.0 = Debug|Any CPU
		{6BBFB96F-A80D-4019-B420-B4BEF8DF205F}.Release|Any CPU.ActiveCfg = Release|Any CPU
		{6BBFB96F-A80D-4019-B420-B4BEF8DF205F}.Release|Any CPU.Build.0 = Release|Any CPU
		{6BBFB96F-A80D-4019-B420-B4BEF8DF205F}.Release|x64.ActiveCfg = Release|Any CPU
		{6BBFB96F-A80D-4019-B420-B4BEF8DF205F}.Release|x64.Build.0 = Release|Any CPU
		{6BBFB96F-A80D-4019-B420-B4BEF8DF205F}.Release|x86.ActiveCfg = Release|Any CPU
		{6BBFB96F-A80D-4019-B420-B4BEF8DF205F}.Release|x86.Build.0 = Release|Any CPU
		{99FBBD4B-AB26-4144-9C98-ABEA43CF9F45}.Debug|Any CPU.ActiveCfg = Debug|Any CPU
		{99FBBD4B-AB26-4144-9C98-ABEA43CF9F45}.Debug|Any CPU.Build.0 = Debug|Any CPU
		{99FBBD4B-AB26-4144-9C98-ABEA43CF9F45}.Debug|x64.ActiveCfg = Debug|Any CPU
		{99FBBD4B-AB26-4144-9C98-ABEA43CF9F45}.Debug|x64.Build.0 = Debug|Any CPU
		{99FBBD4B-AB26-4144-9C98-ABEA43CF9F45}.Debug|x86.ActiveCfg = Debug|Any CPU
		{99FBBD4B-AB26-4144-9C98-ABEA43CF9F45}.Debug|x86.Build.0 = Debug|Any CPU
		{99FBBD4B-AB26-4144-9C98-ABEA43CF9F45}.Release|Any CPU.ActiveCfg = Release|Any CPU
		{99FBBD4B-AB26-4144-9C98-ABEA43CF9F45}.Release|Any CPU.Build.0 = Release|Any CPU
		{99FBBD4B-AB26-4144-9C98-ABEA43CF9F45}.Release|x64.ActiveCfg = Release|Any CPU
		{99FBBD4B-AB26-4144-9C98-ABEA43CF9F45}.Release|x64.Build.0 = Release|Any CPU
		{99FBBD4B-AB26-4144-9C98-ABEA43CF9F45}.Release|x86.ActiveCfg = Release|Any CPU
		{99FBBD4B-AB26-4144-9C98-ABEA43CF9F45}.Release|x86.Build.0 = Release|Any CPU
		{0BC99406-B47C-4F5E-8D61-923717B0A12C}.Debug|Any CPU.ActiveCfg = Debug|Any CPU
		{0BC99406-B47C-4F5E-8D61-923717B0A12C}.Debug|Any CPU.Build.0 = Debug|Any CPU
		{0BC99406-B47C-4F5E-8D61-923717B0A12C}.Debug|x64.ActiveCfg = Debug|Any CPU
		{0BC99406-B47C-4F5E-8D61-923717B0A12C}.Debug|x64.Build.0 = Debug|Any CPU
		{0BC99406-B47C-4F5E-8D61-923717B0A12C}.Debug|x86.ActiveCfg = Debug|Any CPU
		{0BC99406-B47C-4F5E-8D61-923717B0A12C}.Debug|x86.Build.0 = Debug|Any CPU
		{0BC99406-B47C-4F5E-8D61-923717B0A12C}.Release|Any CPU.ActiveCfg = Release|Any CPU
		{0BC99406-B47C-4F5E-8D61-923717B0A12C}.Release|Any CPU.Build.0 = Release|Any CPU
		{0BC99406-B47C-4F5E-8D61-923717B0A12C}.Release|x64.ActiveCfg = Release|Any CPU
		{0BC99406-B47C-4F5E-8D61-923717B0A12C}.Release|x64.Build.0 = Release|Any CPU
		{0BC99406-B47C-4F5E-8D61-923717B0A12C}.Release|x86.ActiveCfg = Release|Any CPU
		{0BC99406-B47C-4F5E-8D61-923717B0A12C}.Release|x86.Build.0 = Release|Any CPU
		{28DD1EB8-4AED-41C9-9D7C-9E4F6F6EE00E}.Debug|Any CPU.ActiveCfg = Debug|Any CPU
		{28DD1EB8-4AED-41C9-9D7C-9E4F6F6EE00E}.Debug|Any CPU.Build.0 = Debug|Any CPU
		{28DD1EB8-4AED-41C9-9D7C-9E4F6F6EE00E}.Debug|x64.ActiveCfg = Debug|Any CPU
		{28DD1EB8-4AED-41C9-9D7C-9E4F6F6EE00E}.Debug|x64.Build.0 = Debug|Any CPU
		{28DD1EB8-4AED-41C9-9D7C-9E4F6F6EE00E}.Debug|x86.ActiveCfg = Debug|Any CPU
		{28DD1EB8-4AED-41C9-9D7C-9E4F6F6EE00E}.Debug|x86.Build.0 = Debug|Any CPU
		{28DD1EB8-4AED-41C9-9D7C-9E4F6F6EE00E}.Release|Any CPU.ActiveCfg = Release|Any CPU
		{28DD1EB8-4AED-41C9-9D7C-9E4F6F6EE00E}.Release|Any CPU.Build.0 = Release|Any CPU
		{28DD1EB8-4AED-41C9-9D7C-9E4F6F6EE00E}.Release|x64.ActiveCfg = Release|Any CPU
		{28DD1EB8-4AED-41C9-9D7C-9E4F6F6EE00E}.Release|x64.Build.0 = Release|Any CPU
		{28DD1EB8-4AED-41C9-9D7C-9E4F6F6EE00E}.Release|x86.ActiveCfg = Release|Any CPU
		{28DD1EB8-4AED-41C9-9D7C-9E4F6F6EE00E}.Release|x86.Build.0 = Release|Any CPU
		{B5C3CF09-A75E-4441-B18C-76392ED359D8}.Debug|Any CPU.ActiveCfg = Debug|Any CPU
		{B5C3CF09-A75E-4441-B18C-76392ED359D8}.Debug|Any CPU.Build.0 = Debug|Any CPU
		{B5C3CF09-A75E-4441-B18C-76392ED359D8}.Debug|x64.ActiveCfg = Debug|Any CPU
		{B5C3CF09-A75E-4441-B18C-76392ED359D8}.Debug|x64.Build.0 = Debug|Any CPU
		{B5C3CF09-A75E-4441-B18C-76392ED359D8}.Debug|x86.ActiveCfg = Debug|Any CPU
		{B5C3CF09-A75E-4441-B18C-76392ED359D8}.Debug|x86.Build.0 = Debug|Any CPU
		{B5C3CF09-A75E-4441-B18C-76392ED359D8}.Release|Any CPU.ActiveCfg = Release|Any CPU
		{B5C3CF09-A75E-4441-B18C-76392ED359D8}.Release|Any CPU.Build.0 = Release|Any CPU
		{B5C3CF09-A75E-4441-B18C-76392ED359D8}.Release|x64.ActiveCfg = Release|Any CPU
		{B5C3CF09-A75E-4441-B18C-76392ED359D8}.Release|x64.Build.0 = Release|Any CPU
		{B5C3CF09-A75E-4441-B18C-76392ED359D8}.Release|x86.ActiveCfg = Release|Any CPU
		{B5C3CF09-A75E-4441-B18C-76392ED359D8}.Release|x86.Build.0 = Release|Any CPU
		{BCA094E3-F258-439B-AA92-E89E1FB29A42}.Debug|Any CPU.ActiveCfg = Debug|Any CPU
		{BCA094E3-F258-439B-AA92-E89E1FB29A42}.Debug|Any CPU.Build.0 = Debug|Any CPU
		{BCA094E3-F258-439B-AA92-E89E1FB29A42}.Debug|x64.ActiveCfg = Debug|Any CPU
		{BCA094E3-F258-439B-AA92-E89E1FB29A42}.Debug|x64.Build.0 = Debug|Any CPU
		{BCA094E3-F258-439B-AA92-E89E1FB29A42}.Debug|x86.ActiveCfg = Debug|Any CPU
		{BCA094E3-F258-439B-AA92-E89E1FB29A42}.Debug|x86.Build.0 = Debug|Any CPU
		{BCA094E3-F258-439B-AA92-E89E1FB29A42}.Release|Any CPU.ActiveCfg = Release|Any CPU
		{BCA094E3-F258-439B-AA92-E89E1FB29A42}.Release|Any CPU.Build.0 = Release|Any CPU
		{BCA094E3-F258-439B-AA92-E89E1FB29A42}.Release|x64.ActiveCfg = Release|Any CPU
		{BCA094E3-F258-439B-AA92-E89E1FB29A42}.Release|x64.Build.0 = Release|Any CPU
		{BCA094E3-F258-439B-AA92-E89E1FB29A42}.Release|x86.ActiveCfg = Release|Any CPU
		{BCA094E3-F258-439B-AA92-E89E1FB29A42}.Release|x86.Build.0 = Release|Any CPU
		{FB285567-3113-4042-83F7-785467352826}.Debug|Any CPU.ActiveCfg = Debug|Any CPU
		{FB285567-3113-4042-83F7-785467352826}.Debug|Any CPU.Build.0 = Debug|Any CPU
		{FB285567-3113-4042-83F7-785467352826}.Debug|x64.ActiveCfg = Debug|Any CPU
		{FB285567-3113-4042-83F7-785467352826}.Debug|x64.Build.0 = Debug|Any CPU
		{FB285567-3113-4042-83F7-785467352826}.Debug|x86.ActiveCfg = Debug|Any CPU
		{FB285567-3113-4042-83F7-785467352826}.Debug|x86.Build.0 = Debug|Any CPU
		{FB285567-3113-4042-83F7-785467352826}.Release|Any CPU.ActiveCfg = Release|Any CPU
		{FB285567-3113-4042-83F7-785467352826}.Release|Any CPU.Build.0 = Release|Any CPU
		{FB285567-3113-4042-83F7-785467352826}.Release|x64.ActiveCfg = Release|Any CPU
		{FB285567-3113-4042-83F7-785467352826}.Release|x64.Build.0 = Release|Any CPU
		{FB285567-3113-4042-83F7-785467352826}.Release|x86.ActiveCfg = Release|Any CPU
		{FB285567-3113-4042-83F7-785467352826}.Release|x86.Build.0 = Release|Any CPU
		{F844FEFB-F275-4951-A326-63338AB4318E}.Debug|Any CPU.ActiveCfg = Debug|Any CPU
		{F844FEFB-F275-4951-A326-63338AB4318E}.Debug|Any CPU.Build.0 = Debug|Any CPU
		{F844FEFB-F275-4951-A326-63338AB4318E}.Debug|x64.ActiveCfg = Debug|Any CPU
		{F844FEFB-F275-4951-A326-63338AB4318E}.Debug|x64.Build.0 = Debug|Any CPU
		{F844FEFB-F275-4951-A326-63338AB4318E}.Debug|x86.ActiveCfg = Debug|Any CPU
		{F844FEFB-F275-4951-A326-63338AB4318E}.Debug|x86.Build.0 = Debug|Any CPU
		{F844FEFB-F275-4951-A326-63338AB4318E}.Release|Any CPU.ActiveCfg = Release|Any CPU
		{F844FEFB-F275-4951-A326-63338AB4318E}.Release|Any CPU.Build.0 = Release|Any CPU
		{F844FEFB-F275-4951-A326-63338AB4318E}.Release|x64.ActiveCfg = Release|Any CPU
		{F844FEFB-F275-4951-A326-63338AB4318E}.Release|x64.Build.0 = Release|Any CPU
		{F844FEFB-F275-4951-A326-63338AB4318E}.Release|x86.ActiveCfg = Release|Any CPU
		{F844FEFB-F275-4951-A326-63338AB4318E}.Release|x86.Build.0 = Release|Any CPU
		{6876E28E-D3FB-42DA-B287-478FDFA8C1AE}.Debug|Any CPU.ActiveCfg = Debug|Any CPU
		{6876E28E-D3FB-42DA-B287-478FDFA8C1AE}.Debug|Any CPU.Build.0 = Debug|Any CPU
		{6876E28E-D3FB-42DA-B287-478FDFA8C1AE}.Debug|x64.ActiveCfg = Debug|Any CPU
		{6876E28E-D3FB-42DA-B287-478FDFA8C1AE}.Debug|x64.Build.0 = Debug|Any CPU
		{6876E28E-D3FB-42DA-B287-478FDFA8C1AE}.Debug|x86.ActiveCfg = Debug|Any CPU
		{6876E28E-D3FB-42DA-B287-478FDFA8C1AE}.Debug|x86.Build.0 = Debug|Any CPU
		{6876E28E-D3FB-42DA-B287-478FDFA8C1AE}.Release|Any CPU.ActiveCfg = Release|Any CPU
		{6876E28E-D3FB-42DA-B287-478FDFA8C1AE}.Release|Any CPU.Build.0 = Release|Any CPU
		{6876E28E-D3FB-42DA-B287-478FDFA8C1AE}.Release|x64.ActiveCfg = Release|Any CPU
		{6876E28E-D3FB-42DA-B287-478FDFA8C1AE}.Release|x64.Build.0 = Release|Any CPU
		{6876E28E-D3FB-42DA-B287-478FDFA8C1AE}.Release|x86.ActiveCfg = Release|Any CPU
		{6876E28E-D3FB-42DA-B287-478FDFA8C1AE}.Release|x86.Build.0 = Release|Any CPU
		{9918B631-F85A-4FE6-9C49-8EB30765B025}.Debug|Any CPU.ActiveCfg = Debug|Any CPU
		{9918B631-F85A-4FE6-9C49-8EB30765B025}.Debug|Any CPU.Build.0 = Debug|Any CPU
		{9918B631-F85A-4FE6-9C49-8EB30765B025}.Debug|x64.ActiveCfg = Debug|Any CPU
		{9918B631-F85A-4FE6-9C49-8EB30765B025}.Debug|x64.Build.0 = Debug|Any CPU
		{9918B631-F85A-4FE6-9C49-8EB30765B025}.Debug|x86.ActiveCfg = Debug|Any CPU
		{9918B631-F85A-4FE6-9C49-8EB30765B025}.Debug|x86.Build.0 = Debug|Any CPU
		{9918B631-F85A-4FE6-9C49-8EB30765B025}.Release|Any CPU.ActiveCfg = Release|Any CPU
		{9918B631-F85A-4FE6-9C49-8EB30765B025}.Release|Any CPU.Build.0 = Release|Any CPU
		{9918B631-F85A-4FE6-9C49-8EB30765B025}.Release|x64.ActiveCfg = Release|Any CPU
		{9918B631-F85A-4FE6-9C49-8EB30765B025}.Release|x64.Build.0 = Release|Any CPU
		{9918B631-F85A-4FE6-9C49-8EB30765B025}.Release|x86.ActiveCfg = Release|Any CPU
		{9918B631-F85A-4FE6-9C49-8EB30765B025}.Release|x86.Build.0 = Release|Any CPU
		{ECE59477-DEDE-4889-92AB-C1CD6B49EF1B}.Debug|Any CPU.ActiveCfg = Debug|Any CPU
		{ECE59477-DEDE-4889-92AB-C1CD6B49EF1B}.Debug|Any CPU.Build.0 = Debug|Any CPU
		{ECE59477-DEDE-4889-92AB-C1CD6B49EF1B}.Debug|x64.ActiveCfg = Debug|Any CPU
		{ECE59477-DEDE-4889-92AB-C1CD6B49EF1B}.Debug|x64.Build.0 = Debug|Any CPU
		{ECE59477-DEDE-4889-92AB-C1CD6B49EF1B}.Debug|x86.ActiveCfg = Debug|Any CPU
		{ECE59477-DEDE-4889-92AB-C1CD6B49EF1B}.Debug|x86.Build.0 = Debug|Any CPU
		{ECE59477-DEDE-4889-92AB-C1CD6B49EF1B}.Release|Any CPU.ActiveCfg = Release|Any CPU
		{ECE59477-DEDE-4889-92AB-C1CD6B49EF1B}.Release|Any CPU.Build.0 = Release|Any CPU
		{ECE59477-DEDE-4889-92AB-C1CD6B49EF1B}.Release|x64.ActiveCfg = Release|Any CPU
		{ECE59477-DEDE-4889-92AB-C1CD6B49EF1B}.Release|x64.Build.0 = Release|Any CPU
		{ECE59477-DEDE-4889-92AB-C1CD6B49EF1B}.Release|x86.ActiveCfg = Release|Any CPU
		{ECE59477-DEDE-4889-92AB-C1CD6B49EF1B}.Release|x86.Build.0 = Release|Any CPU
		{B23EF2F4-ECCD-4CE2-90E9-1A482F2C6257}.Debug|Any CPU.ActiveCfg = Debug|Any CPU
		{B23EF2F4-ECCD-4CE2-90E9-1A482F2C6257}.Debug|Any CPU.Build.0 = Debug|Any CPU
		{B23EF2F4-ECCD-4CE2-90E9-1A482F2C6257}.Debug|x64.ActiveCfg = Debug|Any CPU
		{B23EF2F4-ECCD-4CE2-90E9-1A482F2C6257}.Debug|x64.Build.0 = Debug|Any CPU
		{B23EF2F4-ECCD-4CE2-90E9-1A482F2C6257}.Debug|x86.ActiveCfg = Debug|Any CPU
		{B23EF2F4-ECCD-4CE2-90E9-1A482F2C6257}.Debug|x86.Build.0 = Debug|Any CPU
		{B23EF2F4-ECCD-4CE2-90E9-1A482F2C6257}.Release|Any CPU.ActiveCfg = Release|Any CPU
		{B23EF2F4-ECCD-4CE2-90E9-1A482F2C6257}.Release|Any CPU.Build.0 = Release|Any CPU
		{B23EF2F4-ECCD-4CE2-90E9-1A482F2C6257}.Release|x64.ActiveCfg = Release|Any CPU
		{B23EF2F4-ECCD-4CE2-90E9-1A482F2C6257}.Release|x64.Build.0 = Release|Any CPU
		{B23EF2F4-ECCD-4CE2-90E9-1A482F2C6257}.Release|x86.ActiveCfg = Release|Any CPU
		{B23EF2F4-ECCD-4CE2-90E9-1A482F2C6257}.Release|x86.Build.0 = Release|Any CPU
		{EAC75F31-8AF3-47D6-B817-82866B9E2DF5}.Debug|Any CPU.ActiveCfg = Debug|Any CPU
		{EAC75F31-8AF3-47D6-B817-82866B9E2DF5}.Debug|Any CPU.Build.0 = Debug|Any CPU
		{EAC75F31-8AF3-47D6-B817-82866B9E2DF5}.Debug|x64.ActiveCfg = Debug|Any CPU
		{EAC75F31-8AF3-47D6-B817-82866B9E2DF5}.Debug|x64.Build.0 = Debug|Any CPU
		{EAC75F31-8AF3-47D6-B817-82866B9E2DF5}.Debug|x86.ActiveCfg = Debug|Any CPU
		{EAC75F31-8AF3-47D6-B817-82866B9E2DF5}.Debug|x86.Build.0 = Debug|Any CPU
		{EAC75F31-8AF3-47D6-B817-82866B9E2DF5}.Release|Any CPU.ActiveCfg = Release|Any CPU
		{EAC75F31-8AF3-47D6-B817-82866B9E2DF5}.Release|Any CPU.Build.0 = Release|Any CPU
		{EAC75F31-8AF3-47D6-B817-82866B9E2DF5}.Release|x64.ActiveCfg = Release|Any CPU
		{EAC75F31-8AF3-47D6-B817-82866B9E2DF5}.Release|x64.Build.0 = Release|Any CPU
		{EAC75F31-8AF3-47D6-B817-82866B9E2DF5}.Release|x86.ActiveCfg = Release|Any CPU
		{EAC75F31-8AF3-47D6-B817-82866B9E2DF5}.Release|x86.Build.0 = Release|Any CPU
		{D675EAD1-8D98-4D82-82C2-A488DA88A249}.Debug|Any CPU.ActiveCfg = Debug|Any CPU
		{D675EAD1-8D98-4D82-82C2-A488DA88A249}.Debug|Any CPU.Build.0 = Debug|Any CPU
		{D675EAD1-8D98-4D82-82C2-A488DA88A249}.Debug|x64.ActiveCfg = Debug|Any CPU
		{D675EAD1-8D98-4D82-82C2-A488DA88A249}.Debug|x64.Build.0 = Debug|Any CPU
		{D675EAD1-8D98-4D82-82C2-A488DA88A249}.Debug|x86.ActiveCfg = Debug|Any CPU
		{D675EAD1-8D98-4D82-82C2-A488DA88A249}.Debug|x86.Build.0 = Debug|Any CPU
		{D675EAD1-8D98-4D82-82C2-A488DA88A249}.Release|Any CPU.ActiveCfg = Release|Any CPU
		{D675EAD1-8D98-4D82-82C2-A488DA88A249}.Release|Any CPU.Build.0 = Release|Any CPU
		{D675EAD1-8D98-4D82-82C2-A488DA88A249}.Release|x64.ActiveCfg = Release|Any CPU
		{D675EAD1-8D98-4D82-82C2-A488DA88A249}.Release|x64.Build.0 = Release|Any CPU
		{D675EAD1-8D98-4D82-82C2-A488DA88A249}.Release|x86.ActiveCfg = Release|Any CPU
		{D675EAD1-8D98-4D82-82C2-A488DA88A249}.Release|x86.Build.0 = Release|Any CPU
		{D5FF888E-A9C2-41C5-9464-CE8911731D67}.Debug|Any CPU.ActiveCfg = Debug|Any CPU
		{D5FF888E-A9C2-41C5-9464-CE8911731D67}.Debug|Any CPU.Build.0 = Debug|Any CPU
		{D5FF888E-A9C2-41C5-9464-CE8911731D67}.Debug|x64.ActiveCfg = Debug|Any CPU
		{D5FF888E-A9C2-41C5-9464-CE8911731D67}.Debug|x64.Build.0 = Debug|Any CPU
		{D5FF888E-A9C2-41C5-9464-CE8911731D67}.Debug|x86.ActiveCfg = Debug|Any CPU
		{D5FF888E-A9C2-41C5-9464-CE8911731D67}.Debug|x86.Build.0 = Debug|Any CPU
		{D5FF888E-A9C2-41C5-9464-CE8911731D67}.Release|Any CPU.ActiveCfg = Release|Any CPU
		{D5FF888E-A9C2-41C5-9464-CE8911731D67}.Release|Any CPU.Build.0 = Release|Any CPU
		{D5FF888E-A9C2-41C5-9464-CE8911731D67}.Release|x64.ActiveCfg = Release|Any CPU
		{D5FF888E-A9C2-41C5-9464-CE8911731D67}.Release|x64.Build.0 = Release|Any CPU
		{D5FF888E-A9C2-41C5-9464-CE8911731D67}.Release|x86.ActiveCfg = Release|Any CPU
		{D5FF888E-A9C2-41C5-9464-CE8911731D67}.Release|x86.Build.0 = Release|Any CPU
		{C3849BC9-F7D3-4C48-BC32-0739AFE5C380}.Debug|Any CPU.ActiveCfg = Debug|Any CPU
		{C3849BC9-F7D3-4C48-BC32-0739AFE5C380}.Debug|Any CPU.Build.0 = Debug|Any CPU
		{C3849BC9-F7D3-4C48-BC32-0739AFE5C380}.Debug|x64.ActiveCfg = Debug|Any CPU
		{C3849BC9-F7D3-4C48-BC32-0739AFE5C380}.Debug|x64.Build.0 = Debug|Any CPU
		{C3849BC9-F7D3-4C48-BC32-0739AFE5C380}.Debug|x86.ActiveCfg = Debug|Any CPU
		{C3849BC9-F7D3-4C48-BC32-0739AFE5C380}.Debug|x86.Build.0 = Debug|Any CPU
		{C3849BC9-F7D3-4C48-BC32-0739AFE5C380}.Release|Any CPU.ActiveCfg = Release|Any CPU
		{C3849BC9-F7D3-4C48-BC32-0739AFE5C380}.Release|Any CPU.Build.0 = Release|Any CPU
		{C3849BC9-F7D3-4C48-BC32-0739AFE5C380}.Release|x64.ActiveCfg = Release|Any CPU
		{C3849BC9-F7D3-4C48-BC32-0739AFE5C380}.Release|x64.Build.0 = Release|Any CPU
		{C3849BC9-F7D3-4C48-BC32-0739AFE5C380}.Release|x86.ActiveCfg = Release|Any CPU
		{C3849BC9-F7D3-4C48-BC32-0739AFE5C380}.Release|x86.Build.0 = Release|Any CPU
		{60EA92BD-81E2-4ABC-AAF8-43B5AACD0CE1}.Debug|Any CPU.ActiveCfg = Debug|Any CPU
		{60EA92BD-81E2-4ABC-AAF8-43B5AACD0CE1}.Debug|Any CPU.Build.0 = Debug|Any CPU
		{60EA92BD-81E2-4ABC-AAF8-43B5AACD0CE1}.Debug|x64.ActiveCfg = Debug|Any CPU
		{60EA92BD-81E2-4ABC-AAF8-43B5AACD0CE1}.Debug|x64.Build.0 = Debug|Any CPU
		{60EA92BD-81E2-4ABC-AAF8-43B5AACD0CE1}.Debug|x86.ActiveCfg = Debug|Any CPU
		{60EA92BD-81E2-4ABC-AAF8-43B5AACD0CE1}.Debug|x86.Build.0 = Debug|Any CPU
		{60EA92BD-81E2-4ABC-AAF8-43B5AACD0CE1}.Release|Any CPU.ActiveCfg = Release|Any CPU
		{60EA92BD-81E2-4ABC-AAF8-43B5AACD0CE1}.Release|Any CPU.Build.0 = Release|Any CPU
		{60EA92BD-81E2-4ABC-AAF8-43B5AACD0CE1}.Release|x64.ActiveCfg = Release|Any CPU
		{60EA92BD-81E2-4ABC-AAF8-43B5AACD0CE1}.Release|x64.Build.0 = Release|Any CPU
		{60EA92BD-81E2-4ABC-AAF8-43B5AACD0CE1}.Release|x86.ActiveCfg = Release|Any CPU
		{60EA92BD-81E2-4ABC-AAF8-43B5AACD0CE1}.Release|x86.Build.0 = Release|Any CPU
		{FAE3D93C-A726-4FA3-BCE5-B7B75486A78F}.Debug|Any CPU.ActiveCfg = Debug|Any CPU
		{FAE3D93C-A726-4FA3-BCE5-B7B75486A78F}.Debug|Any CPU.Build.0 = Debug|Any CPU
		{FAE3D93C-A726-4FA3-BCE5-B7B75486A78F}.Debug|x64.ActiveCfg = Debug|Any CPU
		{FAE3D93C-A726-4FA3-BCE5-B7B75486A78F}.Debug|x64.Build.0 = Debug|Any CPU
		{FAE3D93C-A726-4FA3-BCE5-B7B75486A78F}.Debug|x86.ActiveCfg = Debug|Any CPU
		{FAE3D93C-A726-4FA3-BCE5-B7B75486A78F}.Debug|x86.Build.0 = Debug|Any CPU
		{FAE3D93C-A726-4FA3-BCE5-B7B75486A78F}.Release|Any CPU.ActiveCfg = Release|Any CPU
		{FAE3D93C-A726-4FA3-BCE5-B7B75486A78F}.Release|Any CPU.Build.0 = Release|Any CPU
		{FAE3D93C-A726-4FA3-BCE5-B7B75486A78F}.Release|x64.ActiveCfg = Release|Any CPU
		{FAE3D93C-A726-4FA3-BCE5-B7B75486A78F}.Release|x64.Build.0 = Release|Any CPU
		{FAE3D93C-A726-4FA3-BCE5-B7B75486A78F}.Release|x86.ActiveCfg = Release|Any CPU
		{FAE3D93C-A726-4FA3-BCE5-B7B75486A78F}.Release|x86.Build.0 = Release|Any CPU
	EndGlobalSection
	GlobalSection(SolutionProperties) = preSolution
		HideSolutionNode = FALSE
	EndGlobalSection
	GlobalSection(NestedProjects) = preSolution
		{3D1768F9-3302-4B0D-9B50-807893B343F2} = {827E0CD3-B72D-47B6-A68D-7590B98EB39B}
		{6BBFB96F-A80D-4019-B420-B4BEF8DF205F} = {827E0CD3-B72D-47B6-A68D-7590B98EB39B}
		{99FBBD4B-AB26-4144-9C98-ABEA43CF9F45} = {827E0CD3-B72D-47B6-A68D-7590B98EB39B}
		{0BC99406-B47C-4F5E-8D61-923717B0A12C} = {827E0CD3-B72D-47B6-A68D-7590B98EB39B}
		{28DD1EB8-4AED-41C9-9D7C-9E4F6F6EE00E} = {827E0CD3-B72D-47B6-A68D-7590B98EB39B}
		{B5C3CF09-A75E-4441-B18C-76392ED359D8} = {827E0CD3-B72D-47B6-A68D-7590B98EB39B}
		{BCA094E3-F258-439B-AA92-E89E1FB29A42} = {827E0CD3-B72D-47B6-A68D-7590B98EB39B}
		{FB285567-3113-4042-83F7-785467352826} = {827E0CD3-B72D-47B6-A68D-7590B98EB39B}
		{F844FEFB-F275-4951-A326-63338AB4318E} = {827E0CD3-B72D-47B6-A68D-7590B98EB39B}
		{6876E28E-D3FB-42DA-B287-478FDFA8C1AE} = {827E0CD3-B72D-47B6-A68D-7590B98EB39B}
		{9918B631-F85A-4FE6-9C49-8EB30765B025} = {827E0CD3-B72D-47B6-A68D-7590B98EB39B}
		{ECE59477-DEDE-4889-92AB-C1CD6B49EF1B} = {827E0CD3-B72D-47B6-A68D-7590B98EB39B}
		{B23EF2F4-ECCD-4CE2-90E9-1A482F2C6257} = {827E0CD3-B72D-47B6-A68D-7590B98EB39B}
		{EAC75F31-8AF3-47D6-B817-82866B9E2DF5} = {827E0CD3-B72D-47B6-A68D-7590B98EB39B}
		{D675EAD1-8D98-4D82-82C2-A488DA88A249} = {827E0CD3-B72D-47B6-A68D-7590B98EB39B}
		{D5FF888E-A9C2-41C5-9464-CE8911731D67} = {0AB3BF05-4346-4AA6-1389-037BE0695223}
		{C3849BC9-F7D3-4C48-BC32-0739AFE5C380} = {0AB3BF05-4346-4AA6-1389-037BE0695223}
		{60EA92BD-81E2-4ABC-AAF8-43B5AACD0CE1} = {0AB3BF05-4346-4AA6-1389-037BE0695223}
		{FAE3D93C-A726-4FA3-BCE5-B7B75486A78F} = {0AB3BF05-4346-4AA6-1389-037BE0695223}
	EndGlobalSection
EndGlobal
